%{
  "bunt": {:hex, :bunt, "0.2.0", "951c6e801e8b1d2cbe58ebbd3e616a869061ddadcc4863d0a2182541acae9a38", [:mix], [], "hexpm", "7af5c7e09fe1d40f76c8e4f9dd2be7cebd83909f31fee7cd0e9eadc567da8353"},
  "castore": {:hex, :castore, "0.1.7", "1ca19eee705cde48c9e809e37fdd0730510752cc397745e550f6065a56a701e9", [:mix], [], "hexpm", "a2ae2c13d40e9c308387f1aceb14786dca019ebc2a11484fb2a9f797ea0aa0d8"},
  "credo": {:hex, :credo, "1.0.5", "fdea745579f8845315fe6a3b43e2f9f8866839cfbc8562bb72778e9fdaa94214", [:mix], [{:bunt, "~> 0.2.0", [hex: :bunt, repo: "hexpm", optional: false]}, {:jason, "~> 1.0", [hex: :jason, repo: "hexpm", optional: false]}], "hexpm", "16105fac37c5c4b3f6e1f70ba0784511fec4275cd8bb979386e3c739cf4e6455"},
  "earmark": {:hex, :earmark, "1.4.0", "397e750b879df18198afc66505ca87ecf6a96645545585899f6185178433cc09", [:mix], [], "hexpm", "4bedcec35de03b5f559fd2386be24d08f7637c374d3a85d3fe0911eecdae838a"},
  "earmark_parser": {:hex, :earmark_parser, "1.4.10", "6603d7a603b9c18d3d20db69921527f82ef09990885ed7525003c7fe7dc86c56", [:mix], [], "hexpm", "8e2d5370b732385db2c9b22215c3f59c84ac7dda7ed7e544d7c459496ae519c0"},
  "ex_doc": {:hex, :ex_doc, "0.22.6", "0fb1e09a3e8b69af0ae94c8b4e4df36995d8c88d5ec7dbd35617929144b62c00", [:mix], [{:earmark_parser, "~> 1.4.0", [hex: :earmark_parser, repo: "hexpm", optional: false]}, {:makeup_elixir, "~> 0.14", [hex: :makeup_elixir, repo: "hexpm", optional: false]}], "hexpm", "1e0aceda15faf71f1b0983165e6e7313be628a460e22a031e32913b98edbd638"},
  "jason": {:hex, :jason, "1.2.2", "ba43e3f2709fd1aa1dce90aaabfd039d000469c05c56f0b8e31978e03fa39052", [:mix], [{:decimal, "~> 1.0 or ~> 2.0", [hex: :decimal, repo: "hexpm", optional: true]}], "hexpm", "18a228f5f0058ee183f29f9eae0805c6e59d61c3b006760668d8d18ff0d12179"},
  "makeup": {:hex, :makeup, "1.0.3", "e339e2f766d12e7260e6672dd4047405963c5ec99661abdc432e6ec67d29ef95", [:mix], [{:nimble_parsec, "~> 0.5", [hex: :nimble_parsec, repo: "hexpm", optional: false]}], "hexpm", "2e9b4996d11832947731f7608fed7ad2f9443011b3b479ae288011265cdd3dad"},
  "makeup_elixir": {:hex, :makeup_elixir, "0.14.1", "4f0e96847c63c17841d42c08107405a005a2680eb9c7ccadfd757bd31dabccfb", [:mix], [{:makeup, "~> 1.0", [hex: :makeup, repo: "hexpm", optional: false]}], "hexpm", "f2438b1a80eaec9ede832b5c41cd4f373b38fd7aa33e3b22d9db79e640cbde11"},
  "mint": {:hex, :mint, "1.1.0", "1fd0189edd9e3ffdbd7fcd8bc3835902b987a63ec6c4fd1aa8c2a56e2165f252", [:mix], [{:castore, "~> 0.1.0", [hex: :castore, repo: "hexpm", optional: true]}], "hexpm", "5bfd316c3789340b682d5679a8116bcf2112e332447bdc20c1d62909ee45f48d"},
  "nimble_parsec": {:hex, :nimble_parsec, "0.6.0", "32111b3bf39137144abd7ba1cce0914533b2d16ef35e8abc5ec8be6122944263", [:mix], [], "hexpm", "27eac315a94909d4dc68bc07a4a83e06c8379237c5ea528a9acff4ca1c873c52"},
}
